
Microsoft Visual Studio Solution File, Format Version 12.00
# Visual Studio Version 16
VisualStudioVersion = 16.0.28917.182
MinimumVisualStudioVersion = 10.0.40219.1
Project("{FAE04EC0-301F-11D3-BF4B-00C04F79EFBC}") = "CSharp", "CSharp.csproj", "{FD0E3784-5A33-49DF-852F-C94327E1E044}"
EndProject
Global
	GlobalSection(SolutionConfigurationPlatforms) = preSolution
		Debug|Any CPU = Debug|Any CPU
		Release|Any CPU = Release|Any CPU
	EndGlobalSection
	GlobalSection(ProjectConfigurationPlatforms) = postSolution
		{FD0E3784-5A33-49DF-852F-C94327E1E044}.Debug|Any CPU.ActiveCfg = Debug|Any CPU
		{FD0E3784-5A33-49DF-852F-C94327E1E044}.Debug|Any CPU.Build.0 = Debug|Any CPU
		{FD0E3784-5A33-49DF-852F-C94327E1E044}.Release|Any CPU.ActiveCfg = Release|Any CPU
		{FD0E3784-5A33-49DF-852F-C94327E1E044}.Release|Any CPU.Build.0 = Release|Any CPU
	EndGlobalSection
	GlobalSection(SolutionProperties) = preSolution
		HideSolutionNode = FALSE
	EndGlobalSection
	GlobalSection(ExtensibilityGlobals) = postSolution
		SolutionGuid = {75C5F652-CA3F-4260-8264-1C4C6E74FA8A}
	EndGlobalSection
EndGlobal
